
Microsoft Visual Studio Solution File, Format Version 12.00
# Visual Studio Version 17
VisualStudioVersion = 17.2.32616.157
MinimumVisualStudioVersion = 10.0.40219.1
Project("{FAE04EC0-301F-11D3-BF4B-00C04F79EFBC}") = "winform_appDisco", "winform_appDisco\winform_appDisco.csproj", "{B9C819C2-96BC-480E-B3A8-8627B797DE70}"
EndProject
Project("{FAE04EC0-301F-11D3-BF4B-00C04F79EFBC}") = "dominio", "dominio\dominio.csproj", "{DA40C557-FF2D-4BD5-BCC8-D31279292DFD}"
EndProject
Project("{FAE04EC0-301F-11D3-BF4B-00C04F79EFBC}") = "negocio", "negocio\negocio.csproj", "{2F651EFC-25E8-4CA0-BE49-AA49AF287C3B}"
EndProject
Global
	GlobalSection(SolutionConfigurationPlatforms) = preSolution
		Debug|Any CPU = Debug|Any CPU
		Release|Any CPU = Release|Any CPU
	EndGlobalSection
	GlobalSection(ProjectConfigurationPlatforms) = postSolution
		{B9C819C2-96BC-480E-B3A8-8627B797DE70}.Debug|Any CPU.ActiveCfg = Debug|Any CPU
		{B9C819C2-96BC-480E-B3A8-8627B797DE70}.Debug|Any CPU.Build.0 = Debug|Any CPU
		{B9C819C2-96BC-480E-B3A8-8627B797DE70}.Release|Any CPU.ActiveCfg = Release|Any CPU
		{B9C819C2-96BC-480E-B3A8-8627B797DE70}.Release|Any CPU.Build.0 = Release|Any CPU
		{DA40C557-FF2D-4BD5-BCC8-D31279292DFD}.Debug|Any CPU.ActiveCfg = Debug|Any CPU
		{DA40C557-FF2D-4BD5-BCC8-D31279292DFD}.Debug|Any CPU.Build.0 = Debug|Any CPU
		{DA40C557-FF2D-4BD5-BCC8-D31279292DFD}.Release|Any CPU.ActiveCfg = Release|Any CPU
		{DA40C557-FF2D-4BD5-BCC8-D31279292DFD}.Release|Any CPU.Build.0 = Release|Any CPU
		{2F651EFC-25E8-4CA0-BE49-AA49AF287C3B}.Debug|Any CPU.ActiveCfg = Debug|Any CPU
		{2F651EFC-25E8-4CA0-BE49-AA49AF287C3B}.Debug|Any CPU.Build.0 = Debug|Any CPU
		{2F651EFC-25E8-4CA0-BE49-AA49AF287C3B}.Release|Any CPU.ActiveCfg = Release|Any CPU
		{2F651EFC-25E8-4CA0-BE49-AA49AF287C3B}.Release|Any CPU.Build.0 = Release|Any CPU
	EndGlobalSection
	GlobalSection(SolutionProperties) = preSolution
		HideSolutionNode = FALSE
	EndGlobalSection
	GlobalSection(ExtensibilityGlobals) = postSolution
		SolutionGuid = {BB03A018-881D-49E0-AB15-9231CAF94912}
	EndGlobalSection
EndGlobal
